
Microsoft Visual Studio Solution File, Format Version 12.00
Project("{FAE04EC0-301F-11D3-BF4B-00C04F79EFBC}") = "Donum", "Donum\Donum.csproj", "{DC97C0E0-803E-4D4E-A32C-874951A1AFC4}"
EndProject
Project("{FAE04EC0-301F-11D3-BF4B-00C04F79EFBC}") = "DonumTest", "DonumTest\DonumTest.csproj", "{07B51FB1-2607-4BC4-BB32-B40CFDB66497}"
EndProject
Global
	GlobalSection(SolutionConfigurationPlatforms) = preSolution
		Debug|Any CPU = Debug|Any CPU
		Release|Any CPU = Release|Any CPU
	EndGlobalSection
	GlobalSection(ProjectConfigurationPlatforms) = postSolution
		{DC97C0E0-803E-4D4E-A32C-874951A1AFC4}.Debug|Any CPU.ActiveCfg = Debug|Any CPU
		{DC97C0E0-803E-4D4E-A32C-874951A1AFC4}.Debug|Any CPU.Build.0 = Debug|Any CPU
		{DC97C0E0-803E-4D4E-A32C-874951A1AFC4}.Release|Any CPU.ActiveCfg = Release|Any CPU
		{DC97C0E0-803E-4D4E-A32C-874951A1AFC4}.Release|Any CPU.Build.0 = Release|Any CPU
		{07B51FB1-2607-4BC4-BB32-B40CFDB66497}.Debug|Any CPU.ActiveCfg = Debug|Any CPU
		{07B51FB1-2607-4BC4-BB32-B40CFDB66497}.Debug|Any CPU.Build.0 = Debug|Any CPU
		{07B51FB1-2607-4BC4-BB32-B40CFDB66497}.Release|Any CPU.ActiveCfg = Release|Any CPU
		{07B51FB1-2607-4BC4-BB32-B40CFDB66497}.Release|Any CPU.Build.0 = Release|Any CPU
	EndGlobalSection
EndGlobal
